<?xml version="1.0" encoding="utf-8"?>
<Project ToolsVersion="4.0" xmlns="http://schemas.microsoft.com/developer/msbuild/2003">
  <ItemGroup>
    <Filter Include="소스 파일">
      <UniqueIdentifier>{4FC737F1-C7A5-4376-A066-2A32D752A2FF}</UniqueIdentifier>
      <Extensions>cpp;c;cc;cxx;c++;cppm;ixx;def;odl;idl;hpj;bat;asm;asmx</Extensions>
    </Filter>
    <Filter Include="헤더 파일">
      <UniqueIdentifier>{93995380-89BD-4b04-88EB-625FBE52EBFB}</UniqueIdentifier>
      <Extensions>h;hh;hpp;hxx;h++;hm;inl;inc;ipp;xsd</Extensions>
    </Filter>
    <Filter Include="리소스 파일">
      <UniqueIdentifier>{67DA6AB6-F800-4c08-8B7A-83BB121AAD01}</UniqueIdentifier>
      <Extensions>rc;ico;cur;bmp;dlg;rc2;rct;bin;rgs;gif;jpg;jpeg;jpe;resx;tiff;tif;png;wav;mfcribbon-ms</Extensions>
    </Filter>
    <Filter Include="소스 파일\Entity">
      <UniqueIdentifier>{241d2b39-8333-4b3c-9e85-d5ba3de6e464}</UniqueIdentifier>
    </Filter>
    <Filter Include="헤더 파일\Entity">
      <UniqueIdentifier>{2503c72f-a1d0-4045-bda9-ef1fda8f4ea8}</UniqueIdentifier>
    </Filter>
    <Filter Include="소스 파일\채용정보관리 서브시스템">
      <UniqueIdentifier>{61e53341-804c-484a-a862-e9999407a2cb}</UniqueIdentifier>
    </Filter>
    <Filter Include="헤더 파일\채용정보관리 서브시스템">
      <UniqueIdentifier>{d93934b3-c57b-4287-a1f2-aaa04ea2110b}</UniqueIdentifier>
    </Filter>
    <Filter Include="소스 파일\채용정보통계 서브시스템">
      <UniqueIdentifier>{8b82faa8-df4d-4265-8247-3fe2ca1df025}</UniqueIdentifier>
    </Filter>
    <Filter Include="헤더 파일\채용정보통계 서브시스템">
      <UniqueIdentifier>{9954c957-1360-4234-b930-0bffed855e75}</UniqueIdentifier>
    </Filter>
    <Filter Include="소스 파일\채용지원 서브시스템">
      <UniqueIdentifier>{39c44296-23f0-43e2-b588-cf60e9999ece}</UniqueIdentifier>
    </Filter>
    <Filter Include="헤더 파일\채용지원 서브시스템">
      <UniqueIdentifier>{aa8365da-3598-44d1-8eef-ceb42030ef17}</UniqueIdentifier>
    </Filter>
    <Filter Include="소스 파일\회원관리 서브시스템">
      <UniqueIdentifier>{b5f10554-0535-4b82-a5f5-07c760c4f962}</UniqueIdentifier>
    </Filter>
    <Filter Include="헤더 파일\회원관리 서브시스템">
      <UniqueIdentifier>{c2892a24-956a-4de5-a332-b1e0c9157d11}</UniqueIdentifier>
    </Filter>
  </ItemGroup>
  <ItemGroup>
    <ClCompile Include="main.cpp">
      <Filter>소스 파일</Filter>
    </ClCompile>
    <ClCompile Include="ApplicationInfo.cpp">
      <Filter>소스 파일\Entity</Filter>
    </ClCompile>
    <ClCompile Include="ApplicationInfoCollection.cpp">
      <Filter>소스 파일\Entity</Filter>
    </ClCompile>
    <ClCompile Include="CompanyMember.cpp">
      <Filter>소스 파일\Entity</Filter>
    </ClCompile>
    <ClCompile Include="GeneralMember.cpp">
      <Filter>소스 파일\Entity</Filter>
    </ClCompile>
    <ClCompile Include="Member.cpp">
      <Filter>소스 파일\Entity</Filter>
    </ClCompile>
    <ClCompile Include="MemberCollection.cpp">
      <Filter>소스 파일\Entity</Filter>
    </ClCompile>
    <ClCompile Include="RecruitInfo.cpp">
      <Filter>소스 파일\Entity</Filter>
    </ClCompile>
    <ClCompile Include="RecruitInfoCollection.cpp">
      <Filter>소스 파일\Entity</Filter>
    </ClCompile>
    <ClCompile Include="AddRecruitInfo.cpp">
      <Filter>소스 파일\채용정보관리 서브시스템</Filter>
    </ClCompile>
    <ClCompile Include="AddRecruitInfoUI.cpp">
      <Filter>소스 파일\채용정보관리 서브시스템</Filter>
    </ClCompile>
    <ClCompile Include="ViewAddedRecruitList.cpp">
      <Filter>소스 파일\채용정보관리 서브시스템</Filter>
    </ClCompile>
    <ClCompile Include="ViewAddedRecruitListUI.cpp">
      <Filter>소스 파일\채용정보관리 서브시스템</Filter>
    </ClCompile>
    <ClCompile Include="ViewRecruitInfoStats.cpp">
      <Filter>소스 파일\채용정보통계 서브시스템</Filter>
    </ClCompile>
    <ClCompile Include="ViewRecruitInfoStatsUI.cpp">
      <Filter>소스 파일\채용정보통계 서브시스템</Filter>
    </ClCompile>
    <ClCompile Include="ApplyImmediately.cpp">
      <Filter>소스 파일\채용지원 서브시스템</Filter>
    </ClCompile>
    <ClCompile Include="ApplyImmediatelyUI.cpp">
      <Filter>소스 파일\채용지원 서브시스템</Filter>
    </ClCompile>
    <ClCompile Include="CancelApplication.cpp">
      <Filter>소스 파일\채용지원 서브시스템</Filter>
    </ClCompile>
    <ClCompile Include="CancelApplicationUI.cpp">
      <Filter>소스 파일\채용지원 서브시스템</Filter>
    </ClCompile>
    <ClCompile Include="SearchRecruitInfo.cpp">
      <Filter>소스 파일\채용지원 서브시스템</Filter>
    </ClCompile>
    <ClCompile Include="SearchRecruitInfoUI.cpp">
      <Filter>소스 파일\채용지원 서브시스템</Filter>
    </ClCompile>
    <ClCompile Include="ViewApplicationInfo.cpp">
      <Filter>소스 파일\채용지원 서브시스템</Filter>
    </ClCompile>
    <ClCompile Include="ViewApplicationInfoUI.cpp">
      <Filter>소스 파일\채용지원 서브시스템</Filter>
    </ClCompile>
    <ClCompile Include="Login.cpp">
      <Filter>소스 파일\회원관리 서브시스템</Filter>
    </ClCompile>
    <ClCompile Include="LoginUI.cpp">
      <Filter>소스 파일\회원관리 서브시스템</Filter>
    </ClCompile>
    <ClCompile Include="Logout.cpp">
      <Filter>소스 파일\회원관리 서브시스템</Filter>
    </ClCompile>
    <ClCompile Include="LogoutUI.cpp">
      <Filter>소스 파일\회원관리 서브시스템</Filter>
    </ClCompile>
    <ClCompile Include="Register.cpp">
      <Filter>소스 파일\회원관리 서브시스템</Filter>
    </ClCompile>
    <ClCompile Include="RegisterUI.cpp">
      <Filter>소스 파일\회원관리 서브시스템</Filter>
    </ClCompile>
    <ClCompile Include="Withdraw.cpp">
      <Filter>소스 파일\회원관리 서브시스템</Filter>
    </ClCompile>
    <ClCompile Include="WithdrawUI.cpp">
      <Filter>소스 파일\회원관리 서브시스템</Filter>
    </ClCompile>
  </ItemGroup>
  <ItemGroup>
    <ClInclude Include="RecruitInfoCollection.h">
      <Filter>헤더 파일\Entity</Filter>
    </ClInclude>
    <ClInclude Include="RecruitInfo.h">
      <Filter>헤더 파일\Entity</Filter>
    </ClInclude>
    <ClInclude Include="MemberCollection.h">
      <Filter>헤더 파일\Entity</Filter>
    </ClInclude>
    <ClInclude Include="Member.h">
      <Filter>헤더 파일\Entity</Filter>
    </ClInclude>
    <ClInclude Include="GeneralMember.h">
      <Filter>헤더 파일\Entity</Filter>
    </ClInclude>
    <ClInclude Include="CompanyMember.h">
      <Filter>헤더 파일\Entity</Filter>
    </ClInclude>
    <ClInclude Include="ApplicationInfoCollection.h">
      <Filter>헤더 파일\Entity</Filter>
    </ClInclude>
    <ClInclude Include="ApplicationInfo.h">
      <Filter>헤더 파일\Entity</Filter>
    </ClInclude>
    <ClInclude Include="AddRecruitInfo.h">
      <Filter>헤더 파일\채용정보관리 서브시스템</Filter>
    </ClInclude>
    <ClInclude Include="AddRecruitInfoUI.h">
      <Filter>헤더 파일\채용정보관리 서브시스템</Filter>
    </ClInclude>
    <ClInclude Include="ViewAddedRecruitList.h">
      <Filter>헤더 파일\채용정보관리 서브시스템</Filter>
    </ClInclude>
    <ClInclude Include="ViewAddedRecruitListUI.h">
      <Filter>헤더 파일\채용정보관리 서브시스템</Filter>
    </ClInclude>
    <ClInclude Include="ViewRecruitInfoStats.h">
      <Filter>헤더 파일\채용정보통계 서브시스템</Filter>
    </ClInclude>
    <ClInclude Include="ViewRecruitInfoStatsUI.h">
      <Filter>헤더 파일\채용정보통계 서브시스템</Filter>
    </ClInclude>
    <ClInclude Include="ApplyImmediately.h">
      <Filter>헤더 파일\채용지원 서브시스템</Filter>
    </ClInclude>
    <ClInclude Include="ApplyImmediatelyUI.h">
      <Filter>헤더 파일\채용지원 서브시스템</Filter>
    </ClInclude>
    <ClInclude Include="CancelApplication.h">
      <Filter>헤더 파일\채용지원 서브시스템</Filter>
    </ClInclude>
    <ClInclude Include="CancelApplicationUI.h">
      <Filter>헤더 파일\채용지원 서브시스템</Filter>
    </ClInclude>
    <ClInclude Include="SearchRecruitInfo.h">
      <Filter>헤더 파일\채용지원 서브시스템</Filter>
    </ClInclude>
    <ClInclude Include="SearchRecruitInfoUI.h">
      <Filter>헤더 파일\채용지원 서브시스템</Filter>
    </ClInclude>
    <ClInclude Include="ViewApplicationInfo.h">
      <Filter>헤더 파일\채용지원 서브시스템</Filter>
    </ClInclude>
    <ClInclude Include="ViewApplicationInfoUI.h">
      <Filter>헤더 파일\채용지원 서브시스템</Filter>
    </ClInclude>
    <ClInclude Include="Login.h">
      <Filter>헤더 파일\회원관리 서브시스템</Filter>
    </ClInclude>
    <ClInclude Include="LoginUI.h">
      <Filter>헤더 파일\회원관리 서브시스템</Filter>
    </ClInclude>
    <ClInclude Include="Logout.h">
      <Filter>헤더 파일\회원관리 서브시스템</Filter>
    </ClInclude>
    <ClInclude Include="LogoutUI.h">
      <Filter>헤더 파일\회원관리 서브시스템</Filter>
    </ClInclude>
    <ClInclude Include="Register.h">
      <Filter>헤더 파일\회원관리 서브시스템</Filter>
    </ClInclude>
    <ClInclude Include="RegisterUI.h">
      <Filter>헤더 파일\회원관리 서브시스템</Filter>
    </ClInclude>
    <ClInclude Include="Withdraw.h">
      <Filter>헤더 파일\회원관리 서브시스템</Filter>
    </ClInclude>
    <ClInclude Include="WithdrawUI.h">
      <Filter>헤더 파일\회원관리 서브시스템</Filter>
    </ClInclude>
  </ItemGroup>
</Project>